
Microsoft Visual Studio Solution File, Format Version 12.00
# Visual Studio Version 17
VisualStudioVersion = 17.12.35707.178
MinimumVisualStudioVersion = 10.0.40219.1
Project("{FAE04EC0-301F-11D3-BF4B-00C04F79EFBC}") = "Yape.API", "Yape.API\Yape.API.csproj", "{7AF7090A-EBE1-4634-9353-006C79DD7740}"
EndProject
Project("{FAE04EC0-301F-11D3-BF4B-00C04F79EFBC}") = "Yape.API.Domain", "Yape.API.Domain\Yape.API.Domain.csproj", "{DD098EAA-B67D-470C-BADC-8C074191EEF3}"
EndProject
Project("{FAE04EC0-301F-11D3-BF4B-00C04F79EFBC}") = "Yape.API.Infrastructure", "Yape.API.Infrastructure\Yape.API.Infrastructure.csproj", "{B858E67A-F5C6-4C9F-A0DD-E5FD810085B1}"
EndProject
Project("{FAE04EC0-301F-11D3-BF4B-00C04F79EFBC}") = "Yape.API.Application", "Yape.API.Application\Yape.API.Application.csproj", "{4B09ED8C-FAC4-4A47-AEF8-F4215D868CE8}"
EndProject
Project("{FAE04EC0-301F-11D3-BF4B-00C04F79EFBC}") = "Yape.API.Tests", "Yape.API.Tests\Yape.API.Tests.csproj", "{7E3EE676-59E7-4DF8-A64A-52F564BA8F5F}"
EndProject
Global
	GlobalSection(SolutionConfigurationPlatforms) = preSolution
		Debug|Any CPU = Debug|Any CPU
		Release|Any CPU = Release|Any CPU
	EndGlobalSection
	GlobalSection(ProjectConfigurationPlatforms) = postSolution
		{7AF7090A-EBE1-4634-9353-006C79DD7740}.Debug|Any CPU.ActiveCfg = Debug|Any CPU
		{7AF7090A-EBE1-4634-9353-006C79DD7740}.Debug|Any CPU.Build.0 = Debug|Any CPU
		{7AF7090A-EBE1-4634-9353-006C79DD7740}.Release|Any CPU.ActiveCfg = Release|Any CPU
		{7AF7090A-EBE1-4634-9353-006C79DD7740}.Release|Any CPU.Build.0 = Release|Any CPU
		{DD098EAA-B67D-470C-BADC-8C074191EEF3}.Debug|Any CPU.ActiveCfg = Debug|Any CPU
		{DD098EAA-B67D-470C-BADC-8C074191EEF3}.Debug|Any CPU.Build.0 = Debug|Any CPU
		{DD098EAA-B67D-470C-BADC-8C074191EEF3}.Release|Any CPU.ActiveCfg = Release|Any CPU
		{DD098EAA-B67D-470C-BADC-8C074191EEF3}.Release|Any CPU.Build.0 = Release|Any CPU
		{B858E67A-F5C6-4C9F-A0DD-E5FD810085B1}.Debug|Any CPU.ActiveCfg = Debug|Any CPU
		{B858E67A-F5C6-4C9F-A0DD-E5FD810085B1}.Debug|Any CPU.Build.0 = Debug|Any CPU
		{B858E67A-F5C6-4C9F-A0DD-E5FD810085B1}.Release|Any CPU.ActiveCfg = Release|Any CPU
		{B858E67A-F5C6-4C9F-A0DD-E5FD810085B1}.Release|Any CPU.Build.0 = Release|Any CPU
		{4B09ED8C-FAC4-4A47-AEF8-F4215D868CE8}.Debug|Any CPU.ActiveCfg = Debug|Any CPU
		{4B09ED8C-FAC4-4A47-AEF8-F4215D868CE8}.Debug|Any CPU.Build.0 = Debug|Any CPU
		{4B09ED8C-FAC4-4A47-AEF8-F4215D868CE8}.Release|Any CPU.ActiveCfg = Release|Any CPU
		{4B09ED8C-FAC4-4A47-AEF8-F4215D868CE8}.Release|Any CPU.Build.0 = Release|Any CPU
		{7E3EE676-59E7-4DF8-A64A-52F564BA8F5F}.Debug|Any CPU.ActiveCfg = Debug|Any CPU
		{7E3EE676-59E7-4DF8-A64A-52F564BA8F5F}.Debug|Any CPU.Build.0 = Debug|Any CPU
		{7E3EE676-59E7-4DF8-A64A-52F564BA8F5F}.Release|Any CPU.ActiveCfg = Release|Any CPU
		{7E3EE676-59E7-4DF8-A64A-52F564BA8F5F}.Release|Any CPU.Build.0 = Release|Any CPU
	EndGlobalSection
	GlobalSection(SolutionProperties) = preSolution
		HideSolutionNode = FALSE
	EndGlobalSection
EndGlobal
